// !$*UTF8*$!
{
	archiveVersion = 1;
	classes = {
	};
	objectVersion = 46;
	objects = {

/* Begin PBXBuildFile section */
		C6E4200B1A70813D00C32070 /* AppDelegate.swift in Sources */ = {isa = PBXBuildFile; fileRef = C6E4200A1A70813D00C32070 /* AppDelegate.swift */; };
		C6E4200D1A70813D00C32070 /* ViewController.swift in Sources */ = {isa = PBXBuildFile; fileRef = C6E4200C1A70813D00C32070 /* ViewController.swift */; };
		C6E420101A70813D00C32070 /* Main.storyboard in Resources */ = {isa = PBXBuildFile; fileRef = C6E4200E1A70813D00C32070 /* Main.storyboard */; };
		C6E420121A70813D00C32070 /* Images.xcassets in Resources */ = {isa = PBXBuildFile; fileRef = C6E420111A70813D00C32070 /* Images.xcassets */; };
		C6E420151A70813D00C32070 /* LaunchScreen.xib in Resources */ = {isa = PBXBuildFile; fileRef = C6E420131A70813D00C32070 /* LaunchScreen.xib */; };
		C6E420211A70813D00C32070 /* PostcardTests.swift in Sources */ = {isa = PBXBuildFile; fileRef = C6E420201A70813D00C32070 /* PostcardTests.swift */; };
		C6E4202B1A70878400C32070 /* images.jpeg in Resources */ = {isa = PBXBuildFile; fileRef = C6E4202A1A70878400C32070 /* images.jpeg */; };
		C6E4202D1A708ADD00C32070 /* paris_postcard.jpg in Resources */ = {isa = PBXBuildFile; fileRef = C6E4202C1A708ADD00C32070 /* paris_postcard.jpg */; };
		C6E420311A708E2700C32070 /* icon.png in Resources */ = {isa = PBXBuildFile; fileRef = C6E420301A708E2700C32070 /* icon.png */; };
/* End PBXBuildFile section */

/* Begin PBXContainerItemProxy section */
		C6E4201B1A70813D00C32070 /* PBXContainerItemProxy */ = {
			isa = PBXContainerItemProxy;
			containerPortal = C6E41FFD1A70813D00C32070 /* Project object */;
			proxyType = 1;
			remoteGlobalIDString = C6E420041A70813D00C32070;
			remoteInfo = Postcard;
		};
/* End PBXContainerItemProxy section */

/* Begin PBXFileReference section */
		C6E420051A70813D00C32070 /* Postcard.app */ = {isa = PBXFileReference; explicitFileType = wrapper.application; includeInIndex = 0; path = Postcard.app; sourceTree = BUILT_PRODUCTS_DIR; };
		C6E420091A70813D00C32070 /* Info.plist */ = {isa = PBXFileReference; lastKnownFileType = text.plist.xml; path = Info.plist; sourceTree = "<group>"; };
		C6E4200A1A70813D00C32070 /* AppDelegate.swift */ = {isa = PBXFileReference; lastKnownFileType = sourcecode.swift; path = AppDelegate.swift; sourceTree = "<group>"; };
		C6E4200C1A70813D00C32070 /* ViewController.swift */ = {isa = PBXFileReference; lastKnownFileType = sourcecode.swift; path = ViewController.swift; sourceTree = "<group>"; };
		C6E4200F1A70813D00C32070 /* Base */ = {isa = PBXFileReference; lastKnownFileType = file.storyboard; name = Base; path = Base.lproj/Main.storyboard; sourceTree = "<group>"; };
		C6E420111A70813D00C32070 /* Images.xcassets */ = {isa = PBXFileReference; lastKnownFileType = folder.assetcatalog; path = Images.xcassets; sourceTree = "<group>"; };
		C6E420141A70813D00C32070 /* Base */ = {isa = PBXFileReference; lastKnownFileType = file.xib; name = Base; path = Base.lproj/LaunchScreen.xib; sourceTree = "<group>"; };
		C6E4201A1A70813D00C32070 /* PostcardTests.xctest */ = {isa = PBXFileReference; explicitFileType = wrapper.cfbundle; includeInIndex = 0; path = PostcardTests.xctest; sourceTree = BUILT_PRODUCTS_DIR; };
		C6E4201F1A70813D00C32070 /* Info.plist */ = {isa = PBXFileReference; lastKnownFileType = text.plist.xml; path = Info.plist; sourceTree = "<group>"; };
		C6E420201A70813D00C32070 /* PostcardTests.swift */ = {isa = PBXFileReference; lastKnownFileType = sourcecode.swift; path = PostcardTests.swift; sourceTree = "<group>"; };
		C6E4202A1A70878400C32070 /* images.jpeg */ = {isa = PBXFileReference; lastKnownFileType = image.jpeg; path = images.jpeg; sourceTree = "<group>"; };
		C6E4202C1A708ADD00C32070 /* paris_postcard.jpg */ = {isa = PBXFileReference; lastKnownFileType = image.jpeg; path = paris_postcard.jpg; sourceTree = "<group>"; };
		C6E420301A708E2700C32070 /* icon.png */ = {isa = PBXFileReference; lastKnownFileType = image.png; path = icon.png; sourceTree = "<group>"; };
/* End PBXFileReference section */

/* Begin PBXFrameworksBuildPhase section */
		C6E420021A70813D00C32070 /* Frameworks */ = {
			isa = PBXFrameworksBuildPhase;
			buildActionMask = 2147483647;
			files = (
			);
			runOnlyForDeploymentPostprocessing = 0;
		};
		C6E420171A70813D00C32070 /* Frameworks */ = {
			isa = PBXFrameworksBuildPhase;
			buildActionMask = 2147483647;
			files = (
			);
			runOnlyForDeploymentPostprocessing = 0;
		};
/* End PBXFrameworksBuildPhase section */

/* Begin PBXGroup section */
		C6E41FFC1A70813D00C32070 = {
			isa = PBXGroup;
			children = (
				C6E420071A70813D00C32070 /* Postcard */,
				C6E4201D1A70813D00C32070 /* PostcardTests */,
				C6E420061A70813D00C32070 /* Products */,
			);
			sourceTree = "<group>";
		};
		C6E420061A70813D00C32070 /* Products */ = {
			isa = PBXGroup;
			children = (
				C6E420051A70813D00C32070 /* Postcard.app */,
				C6E4201A1A70813D00C32070 /* PostcardTests.xctest */,
			);
			name = Products;
			sourceTree = "<group>";
		};
		C6E420071A70813D00C32070 /* Postcard */ = {
			isa = PBXGroup;
			children = (
				C6E4200A1A70813D00C32070 /* AppDelegate.swift */,
				C6E4200C1A70813D00C32070 /* ViewController.swift */,
				C6E4200E1A70813D00C32070 /* Main.storyboard */,
				C6E420111A70813D00C32070 /* Images.xcassets */,
				C6E420131A70813D00C32070 /* LaunchScreen.xib */,
				C6E420081A70813D00C32070 /* Supporting Files */,
			);
			path = Postcard;
			sourceTree = "<group>";
		};
		C6E420081A70813D00C32070 /* Supporting Files */ = {
			isa = PBXGroup;
			children = (
				C6E420301A708E2700C32070 /* icon.png */,
				C6E4202C1A708ADD00C32070 /* paris_postcard.jpg */,
				C6E4202A1A70878400C32070 /* images.jpeg */,
				C6E420091A70813D00C32070 /* Info.plist */,
			);
			name = "Supporting Files";
			sourceTree = "<group>";
		};
		C6E4201D1A70813D00C32070 /* PostcardTests */ = {
			isa = PBXGroup;
			children = (
				C6E420201A70813D00C32070 /* PostcardTests.swift */,
				C6E4201E1A70813D00C32070 /* Supporting Files */,
			);
			path = PostcardTests;
			sourceTree = "<group>";
		};
		C6E4201E1A70813D00C32070 /* Supporting Files */ = {
			isa = PBXGroup;
			children = (
				C6E4201F1A70813D00C32070 /* Info.plist */,
			);
			name = "Supporting Files";
			sourceTree = "<group>";
		};
/* End PBXGroup section */

/* Begin PBXNativeTarget section */
		C6E420041A70813D00C32070 /* Postcard */ = {
			isa = PBXNativeTarget;
			buildConfigurationList = C6E420241A70813D00C32070 /* Build configuration list for PBXNativeTarget "Postcard" */;
			buildPhases = (
				C6E420011A70813D00C32070 /* Sources */,
				C6E420021A70813D00C32070 /* Frameworks */,
				C6E420031A70813D00C32070 /* Resources */,
			);
			buildRules = (
			);
			dependencies = (
			);
			name = Postcard;
			productName = Postcard;
			productReference = C6E420051A70813D00C32070 /* Postcard.app */;
			productType = "com.apple.product-type.application";
		};
		C6E420191A70813D00C32070 /* PostcardTests */ = {
			isa = PBXNativeTarget;
			buildConfigurationList = C6E420271A70813D00C32070 /* Build configuration list for PBXNativeTarget "PostcardTests" */;
			buildPhases = (
				C6E420161A70813D00C32070 /* Sources */,
				C6E420171A70813D00C32070 /* Frameworks */,
				C6E420181A70813D00C32070 /* Resources */,
			);
			buildRules = (
			);
			dependencies = (
				C6E4201C1A70813D00C32070 /* PBXTargetDependency */,
			);
			name = PostcardTests;
			productName = PostcardTests;
			productReference = C6E4201A1A70813D00C32070 /* PostcardTests.xctest */;
			productType = "com.apple.product-type.bundle.unit-test";
		};
/* End PBXNativeTarget section */

/* Begin PBXProject section */
		C6E41FFD1A70813D00C32070 /* Project object */ = {
			isa = PBXProject;
			attributes = {
				LastUpgradeCheck = 0610;
				ORGANIZATIONNAME = UlyssaElaine;
				TargetAttributes = {
					C6E420041A70813D00C32070 = {
						CreatedOnToolsVersion = 6.1;
					};
					C6E420191A70813D00C32070 = {
						CreatedOnToolsVersion = 6.1;
						TestTargetID = C6E420041A70813D00C32070;
					};
				};
			};
			buildConfigurationList = C6E420001A70813D00C32070 /* Build configuration list for PBXProject "Postcard" */;
			compatibilityVersion = "Xcode 3.2";
			developmentRegion = English;
			hasScannedForEncodings = 0;
			knownRegions = (
				en,
				Base,
			);
			mainGroup = C6E41FFC1A70813D00C32070;
			productRefGroup = C6E420061A70813D00C32070 /* Products */;
			projectDirPath = "";
			projectRoot = "";
			targets = (
				C6E420041A70813D00C32070 /* Postcard */,
				C6E420191A70813D00C32070 /* PostcardTests */,
			);
		};
/* End PBXProject section */

/* Begin PBXResourcesBuildPhase section */
		C6E420031A70813D00C32070 /* Resources */ = {
			isa = PBXResourcesBuildPhase;
			buildActionMask = 2147483647;
			files = (
				C6E420101A70813D00C32070 /* Main.storyboard in Resources */,
				C6E420311A708E2700C32070 /* icon.png in Resources */,
				C6E4202B1A70878400C32070 /* images.jpeg in Resources */,
				C6E4202D1A708ADD00C32070 /* paris_postcard.jpg in Resources */,
				C6E420151A70813D00C32070 /* LaunchScreen.xib in Resources */,
				C6E420121A70813D00C32070 /* Images.xcassets in Resources */,
			);
			runOnlyForDeploymentPostprocessing = 0;
		};
		C6E420181A70813D00C32070 /* Resources */ = {
			isa = PBXResourcesBuildPhase;
			buildActionMask = 2147483647;
			files = (
			);
			runOnlyForDeploymentPostprocessing = 0;
		};
/* End PBXResourcesBuildPhase section */

/* Begin PBXSourcesBuildPhase section */
		C6E420011A70813D00C32070 /* Sources */ = {
			isa = PBXSourcesBuildPhase;
			buildActionMask = 2147483647;
			files = (
				C6E4200D1A70813D00C32070 /* ViewController.swift in Sources */,
				C6E4200B1A70813D00C32070 /* AppDelegate.swift in Sources */,
			);
			runOnlyForDeploymentPostprocessing = 0;
		};
		C6E420161A70813D00C32070 /* Sources */ = {
			isa = PBXSourcesBuildPhase;
			buildActionMask = 2147483647;
			files = (
				C6E420211A70813D00C32070 /* PostcardTests.swift in Sources */,
			);
			runOnlyForDeploymentPostprocessing = 0;
		};
/* End PBXSourcesBuildPhase section */

/* Begin PBXTargetDependency section */
		C6E4201C1A70813D00C32070 /* PBXTargetDependency */ = {
			isa = PBXTargetDependency;
			target = C6E420041A70813D00C32070 /* Postcard */;
			targetProxy = C6E4201B1A70813D00C32070 /* PBXContainerItemProxy */;
		};
/* End PBXTargetDependency section */

/* Begin PBXVariantGroup section */
		C6E4200E1A70813D00C32070 /* Main.storyboard */ = {
			isa = PBXVariantGroup;
			children = (
				C6E4200F1A70813D00C32070 /* Base */,
			);
			name = Main.storyboard;
			sourceTree = "<group>";
		};
		C6E420131A70813D00C32070 /* LaunchScreen.xib */ = {
			isa = PBXVariantGroup;
			children = (
				C6E420141A70813D00C32070 /* Base */,
			);
			name = LaunchScreen.xib;
			sourceTree = "<group>";
		};
/* End PBXVariantGroup section */

/* Begin XCBuildConfiguration section */
		C6E420221A70813D00C32070 /* Debug */ = {
			isa = XCBuildConfiguration;
			buildSettings = {
				ALWAYS_SEARCH_USER_PATHS = NO;
				CLANG_CXX_LANGUAGE_STANDARD = "gnu++0x";
				CLANG_CXX_LIBRARY = "libc++";
				CLANG_ENABLE_MODULES = YES;
				CLANG_ENABLE_OBJC_ARC = YES;
				CLANG_WARN_BOOL_CONVERSION = YES;
				CLANG_WARN_CONSTANT_CONVERSION = YES;
				CLANG_WARN_DIRECT_OBJC_ISA_USAGE = YES_ERROR;
				CLANG_WARN_EMPTY_BODY = YES;
				CLANG_WARN_ENUM_CONVERSION = YES;
				CLANG_WARN_INT_CONVERSION = YES;
				CLANG_WARN_OBJC_ROOT_CLASS = YES_ERROR;
				CLANG_WARN_UNREACHABLE_CODE = YES;
				CLANG_WARN__DUPLICATE_METHOD_MATCH = YES;
				"CODE_SIGN_IDENTITY[sdk=iphoneos*]" = "iPhone Developer";
				COPY_PHASE_STRIP = NO;
				ENABLE_STRICT_OBJC_MSGSEND = YES;
				GCC_C_LANGUAGE_STANDARD = gnu99;
				GCC_DYNAMIC_NO_PIC = NO;
				GCC_OPTIMIZATION_LEVEL = 0;
				GCC_PREPROCESSOR_DEFINITIONS = (
					"DEBUG=1",
					"$(inherited)",
				);
				GCC_SYMBOLS_PRIVATE_EXTERN = NO;
				GCC_WARN_64_TO_32_BIT_CONVERSION = YES;
				GCC_WARN_ABOUT_RETURN_TYPE = YES_ERROR;
				GCC_WARN_UNDECLARED_SELECTOR = YES;
				GCC_WARN_UNINITIALIZED_AUTOS = YES_AGGRESSIVE;
				GCC_WARN_UNUSED_FUNCTION = YES;
				GCC_WARN_UNUSED_VARIABLE = YES;
				IPHONEOS_DEPLOYMENT_TARGET = 8.1;
				MTL_ENABLE_DEBUG_INFO = YES;
				ONLY_ACTIVE_ARCH = YES;
				SDKROOT = iphoneos;
				SWIFT_OPTIMIZATION_LEVEL = "-Onone";
				TARGETED_DEVICE_FAMILY = "1,2";
			};
			name = Debug;
		};
		C6E420231A70813D00C32070 /* Release */ = {
			isa = XCBuildConfiguration;
			buildSettings = {
				ALWAYS_SEARCH_USER_PATHS = NO;
				CLANG_CXX_LANGUAGE_STANDARD = "gnu++0x";
				CLANG_CXX_LIBRARY = "libc++";
				CLANG_ENABLE_MODULES = YES;
				CLANG_ENABLE_OBJC_ARC = YES;
				CLANG_WARN_BOOL_CONVERSION = YES;
				CLANG_WARN_CONSTANT_CONVERSION = YES;
				CLANG_WARN_DIRECT_OBJC_ISA_USAGE = YES_ERROR;
				CLANG_WARN_EMPTY_BODY = YES;
				CLANG_WARN_ENUM_CONVERSION = YES;
				CLANG_WARN_INT_CONVERSION = YES;
				CLANG_WARN_OBJC_ROOT_CLASS = YES_ERROR;
				CLANG_WARN_UNREACHABLE_CODE = YES;
				CLANG_WARN__DUPLICATE_METHOD_MATCH = YES;
				"CODE_SIGN_IDENTITY[sdk=iphoneos*]" = "iPhone Developer";
				COPY_PHASE_STRIP = YES;
				ENABLE_NS_ASSERTIONS = NO;
				ENABLE_STRICT_OBJC_MSGSEND = YES;
				GCC_C_LANGUAGE_STANDARD = gnu99;
				GCC_WARN_64_TO_32_BIT_CONVERSION = YES;
				GCC_WARN_ABOUT_RETURN_TYPE = YES_ERROR;
				GCC_WARN_UNDECLARED_SELECTOR = YES;
				GCC_WARN_UNINITIALIZED_AUTOS = YES_AGGRESSIVE;
				GCC_WARN_UNUSED_FUNCTION = YES;
				GCC_WARN_UNUSED_VARIABLE = YES;
				IPHONEOS_DEPLOYMENT_TARGET = 8.1;
				MTL_ENABLE_DEBUG_INFO = NO;
				SDKROOT = iphoneos;
				TARGETED_DEVICE_FAMILY = "1,2";
				VALIDATE_PRODUCT = YES;
			};
			name = Release;
		};
		C6E420251A70813D00C32070 /* Debug */ = {
			isa = XCBuildConfiguration;
			buildSettings = {
				ASSETCATALOG_COMPILER_APPICON_NAME = AppIcon;
				INFOPLIST_FILE = Postcard/Info.plist;
				LD_RUNPATH_SEARCH_PATHS = "$(inherited) @executable_path/Frameworks";
				PRODUCT_NAME = "$(TARGET_NAME)";
				TARGETED_DEVICE_FAMILY = 1;
			};
			name = Debug;
		};
		C6E420261A70813D00C32070 /* Release */ = {
			isa = XCBuildConfiguration;
			buildSettings = {
				ASSETCATALOG_COMPILER_APPICON_NAME = AppIcon;
				INFOPLIST_FILE = Postcard/Info.plist;
				LD_RUNPATH_SEARCH_PATHS = "$(inherited) @executable_path/Frameworks";
				PRODUCT_NAME = "$(TARGET_NAME)";
				TARGETED_DEVICE_FAMILY = 1;
			};
			name = Release;
		};
		C6E420281A70813D00C32070 /* Debug */ = {
			isa = XCBuildConfiguration;
			buildSettings = {
				BUNDLE_LOADER = "$(TEST_HOST)";
				FRAMEWORK_SEARCH_PATHS = (
					"$(SDKROOT)/Developer/Library/Frameworks",
					"$(inherited)",
				);
				GCC_PREPROCESSOR_DEFINITIONS = (
					"DEBUG=1",
					"$(inherited)",
				);
				INFOPLIST_FILE = PostcardTests/Info.plist;
				LD_RUNPATH_SEARCH_PATHS = "$(inherited) @executable_path/Frameworks @loader_path/Frameworks";
				PRODUCT_NAME = "$(TARGET_NAME)";
				TEST_HOST = "$(BUILT_PRODUCTS_DIR)/Postcard.app/Postcard";
			};
			name = Debug;
		};
		C6E420291A70813D00C32070 /* Release */ = {
			isa = XCBuildConfiguration;
			buildSettings = {
				BUNDLE_LOADER = "$(TEST_HOST)";
				FRAMEWORK_SEARCH_PATHS = (
					"$(SDKROOT)/Developer/Library/Frameworks",
					"$(inherited)",
				);
				INFOPLIST_FILE = PostcardTests/Info.plist;
				LD_RUNPATH_SEARCH_PATHS = "$(inherited) @executable_path/Frameworks @loader_path/Frameworks";
				PRODUCT_NAME = "$(TARGET_NAME)";
				TEST_HOST = "$(BUILT_PRODUCTS_DIR)/Postcard.app/Postcard";
			};
			name = Release;
		};
/* End XCBuildConfiguration section */

/* Begin XCConfigurationList section */
		C6E420001A70813D00C32070 /* Build configuration list for PBXProject "Postcard" */ = {
			isa = XCConfigurationList;
			buildConfigurations = (
				C6E420221A70813D00C32070 /* Debug */,
				C6E420231A70813D00C32070 /* Release */,
			);
			defaultConfigurationIsVisible = 0;
			defaultConfigurationName = Release;
		};
		C6E420241A70813D00C32070 /* Build configuration list for PBXNativeTarget "Postcard" */ = {
			isa = XCConfigurationList;
			buildConfigurations = (
				C6E420251A70813D00C32070 /* Debug */,
				C6E420261A70813D00C32070 /* Release */,
			);
			defaultConfigurationIsVisible = 0;
		};
		C6E420271A70813D00C32070 /* Build configuration list for PBXNativeTarget "PostcardTests" */ = {
			isa = XCConfigurationList;
			buildConfigurations = (
				C6E420281A70813D00C32070 /* Debug */,
				C6E420291A70813D00C32070 /* Release */,
			);
			defaultConfigurationIsVisible = 0;
		};
/* End XCConfigurationList section */
	};
	rootObject = C6E41FFD1A70813D00C32070 /* Project object */;
}
